
Microsoft Visual Studio Solution File, Format Version 12.00
# Visual Studio Version 16
VisualStudioVersion = 16.0.31321.278
MinimumVisualStudioVersion = 10.0.40219.1
Project("{FAE04EC0-301F-11D3-BF4B-00C04F79EFBC}") = "JohnForteLibrary.API", "JohnForteLibrary.API\JohnForteLibrary.API.csproj", "{551FFE78-5F36-4775-88EA-F30A3E0063E5}"
EndProject
Project("{FAE04EC0-301F-11D3-BF4B-00C04F79EFBC}") = "JohnForteLibrary.Domain", "JohnForteLibrary.Domain\JohnForteLibrary.Domain.csproj", "{556A6D02-8923-43DC-952F-726A46D07B4C}"
EndProject
Project("{FAE04EC0-301F-11D3-BF4B-00C04F79EFBC}") = "JohnForteLibrary.Repositories", "JohnForteLibrary.Repositories\JohnForteLibrary.Repositories.csproj", "{4E418793-A53C-40E1-B570-C528F1ECE79E}"
EndProject
Project("{FAE04EC0-301F-11D3-BF4B-00C04F79EFBC}") = "JohnForteLibrary.UnitTests", "JohnForteLibrary.UnitTests\JohnForteLibrary.UnitTests.csproj", "{BE362680-D3BB-4DCA-B48E-0E3A458DEF6A}"
EndProject
Global
	GlobalSection(SolutionConfigurationPlatforms) = preSolution
		Debug|Any CPU = Debug|Any CPU
		Release|Any CPU = Release|Any CPU
	EndGlobalSection
	GlobalSection(ProjectConfigurationPlatforms) = postSolution
		{551FFE78-5F36-4775-88EA-F30A3E0063E5}.Debug|Any CPU.ActiveCfg = Debug|Any CPU
		{551FFE78-5F36-4775-88EA-F30A3E0063E5}.Debug|Any CPU.Build.0 = Debug|Any CPU
		{551FFE78-5F36-4775-88EA-F30A3E0063E5}.Release|Any CPU.ActiveCfg = Release|Any CPU
		{551FFE78-5F36-4775-88EA-F30A3E0063E5}.Release|Any CPU.Build.0 = Release|Any CPU
		{556A6D02-8923-43DC-952F-726A46D07B4C}.Debug|Any CPU.ActiveCfg = Debug|Any CPU
		{556A6D02-8923-43DC-952F-726A46D07B4C}.Debug|Any CPU.Build.0 = Debug|Any CPU
		{556A6D02-8923-43DC-952F-726A46D07B4C}.Release|Any CPU.ActiveCfg = Release|Any CPU
		{556A6D02-8923-43DC-952F-726A46D07B4C}.Release|Any CPU.Build.0 = Release|Any CPU
		{4E418793-A53C-40E1-B570-C528F1ECE79E}.Debug|Any CPU.ActiveCfg = Debug|Any CPU
		{4E418793-A53C-40E1-B570-C528F1ECE79E}.Debug|Any CPU.Build.0 = Debug|Any CPU
		{4E418793-A53C-40E1-B570-C528F1ECE79E}.Release|Any CPU.ActiveCfg = Release|Any CPU
		{4E418793-A53C-40E1-B570-C528F1ECE79E}.Release|Any CPU.Build.0 = Release|Any CPU
		{BE362680-D3BB-4DCA-B48E-0E3A458DEF6A}.Debug|Any CPU.ActiveCfg = Debug|Any CPU
		{BE362680-D3BB-4DCA-B48E-0E3A458DEF6A}.Debug|Any CPU.Build.0 = Debug|Any CPU
		{BE362680-D3BB-4DCA-B48E-0E3A458DEF6A}.Release|Any CPU.ActiveCfg = Release|Any CPU
		{BE362680-D3BB-4DCA-B48E-0E3A458DEF6A}.Release|Any CPU.Build.0 = Release|Any CPU
	EndGlobalSection
	GlobalSection(SolutionProperties) = preSolution
		HideSolutionNode = FALSE
	EndGlobalSection
	GlobalSection(ExtensibilityGlobals) = postSolution
		SolutionGuid = {031EBEAA-B285-4E9B-A61A-2C988FC462BC}
	EndGlobalSection
EndGlobal
